// !$*UTF8*$!
{
	archiveVersion = 1;
	classes = {
	};
	objectVersion = 55;
	objects = {

/* Begin PBXBuildFile section */
		DC2D7E2F2882FB4400022A5C /* LearningApp.swift in Sources */ = {isa = PBXBuildFile; fileRef = DC2D7E2E2882FB4400022A5C /* LearningApp.swift */; };
		DC2D7E312882FB4400022A5C /* HomeView.swift in Sources */ = {isa = PBXBuildFile; fileRef = DC2D7E302882FB4400022A5C /* HomeView.swift */; };
		DC2D7E332882FB4800022A5C /* Assets.xcassets in Resources */ = {isa = PBXBuildFile; fileRef = DC2D7E322882FB4800022A5C /* Assets.xcassets */; };
		DC2D7E362882FB4800022A5C /* Preview Assets.xcassets in Resources */ = {isa = PBXBuildFile; fileRef = DC2D7E352882FB4800022A5C /* Preview Assets.xcassets */; };
		DC2D7E422882FC1B00022A5C /* ContentModel.swift in Sources */ = {isa = PBXBuildFile; fileRef = DC2D7E412882FC1B00022A5C /* ContentModel.swift */; };
		DC2D7E4528843B0B00022A5C /* data.json in Resources */ = {isa = PBXBuildFile; fileRef = DC2D7E4328843B0B00022A5C /* data.json */; };
		DC2D7E4628843B0B00022A5C /* style.html in Resources */ = {isa = PBXBuildFile; fileRef = DC2D7E4428843B0B00022A5C /* style.html */; };
		DC2D7E4828843D5700022A5C /* Models.swift in Sources */ = {isa = PBXBuildFile; fileRef = DC2D7E4728843D5700022A5C /* Models.swift */; };
		DC2D7E4A28845E2E00022A5C /* CardPreview.swift in Sources */ = {isa = PBXBuildFile; fileRef = DC2D7E4928845E2E00022A5C /* CardPreview.swift */; };
		DC2D7E4C28847A5000022A5C /* ContentView.swift in Sources */ = {isa = PBXBuildFile; fileRef = DC2D7E4B28847A5000022A5C /* ContentView.swift */; };
		DC2D7E4E28857EE000022A5C /* ContentDetailView.swift in Sources */ = {isa = PBXBuildFile; fileRef = DC2D7E4D28857EE000022A5C /* ContentDetailView.swift */; };
		DC2D7E512885922D00022A5C /* AVKit.framework in Frameworks */ = {isa = PBXBuildFile; fileRef = DC2D7E502885922D00022A5C /* AVKit.framework */; };
		DC2D7E532885941700022A5C /* Constants.swift in Sources */ = {isa = PBXBuildFile; fileRef = DC2D7E522885941700022A5C /* Constants.swift */; };
		DC2D7E5528859E8900022A5C /* ButtonView.swift in Sources */ = {isa = PBXBuildFile; fileRef = DC2D7E5428859E8900022A5C /* ButtonView.swift */; };
/* End PBXBuildFile section */

/* Begin PBXFileReference section */
		DC2D7E2B2882FB4400022A5C /* LearningApp.app */ = {isa = PBXFileReference; explicitFileType = wrapper.application; includeInIndex = 0; path = LearningApp.app; sourceTree = BUILT_PRODUCTS_DIR; };
		DC2D7E2E2882FB4400022A5C /* LearningApp.swift */ = {isa = PBXFileReference; lastKnownFileType = sourcecode.swift; path = LearningApp.swift; sourceTree = "<group>"; };
		DC2D7E302882FB4400022A5C /* HomeView.swift */ = {isa = PBXFileReference; lastKnownFileType = sourcecode.swift; path = HomeView.swift; sourceTree = "<group>"; };
		DC2D7E322882FB4800022A5C /* Assets.xcassets */ = {isa = PBXFileReference; lastKnownFileType = folder.assetcatalog; path = Assets.xcassets; sourceTree = "<group>"; };
		DC2D7E352882FB4800022A5C /* Preview Assets.xcassets */ = {isa = PBXFileReference; lastKnownFileType = folder.assetcatalog; path = "Preview Assets.xcassets"; sourceTree = "<group>"; };
		DC2D7E412882FC1B00022A5C /* ContentModel.swift */ = {isa = PBXFileReference; lastKnownFileType = sourcecode.swift; path = ContentModel.swift; sourceTree = "<group>"; };
		DC2D7E4328843B0B00022A5C /* data.json */ = {isa = PBXFileReference; fileEncoding = 4; lastKnownFileType = text.json; path = data.json; sourceTree = "<group>"; };
		DC2D7E4428843B0B00022A5C /* style.html */ = {isa = PBXFileReference; fileEncoding = 4; lastKnownFileType = text.html; path = style.html; sourceTree = "<group>"; };
		DC2D7E4728843D5700022A5C /* Models.swift */ = {isa = PBXFileReference; lastKnownFileType = sourcecode.swift; path = Models.swift; sourceTree = "<group>"; };
		DC2D7E4928845E2E00022A5C /* CardPreview.swift */ = {isa = PBXFileReference; lastKnownFileType = sourcecode.swift; path = CardPreview.swift; sourceTree = "<group>"; };
		DC2D7E4B28847A5000022A5C /* ContentView.swift */ = {isa = PBXFileReference; lastKnownFileType = sourcecode.swift; path = ContentView.swift; sourceTree = "<group>"; };
		DC2D7E4D28857EE000022A5C /* ContentDetailView.swift */ = {isa = PBXFileReference; lastKnownFileType = sourcecode.swift; path = ContentDetailView.swift; sourceTree = "<group>"; };
		DC2D7E502885922D00022A5C /* AVKit.framework */ = {isa = PBXFileReference; lastKnownFileType = wrapper.framework; name = AVKit.framework; path = System/Library/Frameworks/AVKit.framework; sourceTree = SDKROOT; };
		DC2D7E522885941700022A5C /* Constants.swift */ = {isa = PBXFileReference; lastKnownFileType = sourcecode.swift; path = Constants.swift; sourceTree = "<group>"; };
		DC2D7E5428859E8900022A5C /* ButtonView.swift */ = {isa = PBXFileReference; lastKnownFileType = sourcecode.swift; path = ButtonView.swift; sourceTree = "<group>"; };
/* End PBXFileReference section */

/* Begin PBXFrameworksBuildPhase section */
		DC2D7E282882FB4400022A5C /* Frameworks */ = {
			isa = PBXFrameworksBuildPhase;
			buildActionMask = 2147483647;
			files = (
				DC2D7E512885922D00022A5C /* AVKit.framework in Frameworks */,
			);
			runOnlyForDeploymentPostprocessing = 0;
		};
/* End PBXFrameworksBuildPhase section */

/* Begin PBXGroup section */
		DC2D7E222882FB4400022A5C = {
			isa = PBXGroup;
			children = (
				DC2D7E2D2882FB4400022A5C /* LearningApp */,
				DC2D7E2C2882FB4400022A5C /* Products */,
				DC2D7E4F2885922D00022A5C /* Frameworks */,
			);
			sourceTree = "<group>";
		};
		DC2D7E2C2882FB4400022A5C /* Products */ = {
			isa = PBXGroup;
			children = (
				DC2D7E2B2882FB4400022A5C /* LearningApp.app */,
			);
			name = Products;
			sourceTree = "<group>";
		};
		DC2D7E2D2882FB4400022A5C /* LearningApp */ = {
			isa = PBXGroup;
			children = (
				DC2D7E2E2882FB4400022A5C /* LearningApp.swift */,
				DC2D7E402882FC0300022A5C /* Models */,
				DC2D7E3F2882FBF000022A5C /* Helpers */,
				DC2D7E3E2882FBE900022A5C /* Assets */,
				DC2D7E3D2882FBE400022A5C /* ViewModels */,
				DC2D7E3C2882FBDF00022A5C /* Views */,
				DC2D7E322882FB4800022A5C /* Assets.xcassets */,
				DC2D7E342882FB4800022A5C /* Preview Content */,
			);
			path = LearningApp;
			sourceTree = "<group>";
		};
		DC2D7E342882FB4800022A5C /* Preview Content */ = {
			isa = PBXGroup;
			children = (
				DC2D7E352882FB4800022A5C /* Preview Assets.xcassets */,
			);
			path = "Preview Content";
			sourceTree = "<group>";
		};
		DC2D7E3C2882FBDF00022A5C /* Views */ = {
			isa = PBXGroup;
			children = (
				DC2D7E302882FB4400022A5C /* HomeView.swift */,
				DC2D7E4928845E2E00022A5C /* CardPreview.swift */,
				DC2D7E4B28847A5000022A5C /* ContentView.swift */,
				DC2D7E4D28857EE000022A5C /* ContentDetailView.swift */,
				DC2D7E5428859E8900022A5C /* ButtonView.swift */,
			);
			path = Views;
			sourceTree = "<group>";
		};
		DC2D7E3D2882FBE400022A5C /* ViewModels */ = {
			isa = PBXGroup;
			children = (
				DC2D7E412882FC1B00022A5C /* ContentModel.swift */,
			);
			path = ViewModels;
			sourceTree = "<group>";
		};
		DC2D7E3E2882FBE900022A5C /* Assets */ = {
			isa = PBXGroup;
			children = (
				DC2D7E4328843B0B00022A5C /* data.json */,
				DC2D7E4428843B0B00022A5C /* style.html */,
			);
			path = Assets;
			sourceTree = "<group>";
		};
		DC2D7E3F2882FBF000022A5C /* Helpers */ = {
			isa = PBXGroup;
			children = (
				DC2D7E522885941700022A5C /* Constants.swift */,
			);
			path = Helpers;
			sourceTree = "<group>";
		};
		DC2D7E402882FC0300022A5C /* Models */ = {
			isa = PBXGroup;
			children = (
				DC2D7E4728843D5700022A5C /* Models.swift */,
			);
			path = Models;
			sourceTree = "<group>";
		};
		DC2D7E4F2885922D00022A5C /* Frameworks */ = {
			isa = PBXGroup;
			children = (
				DC2D7E502885922D00022A5C /* AVKit.framework */,
			);
			name = Frameworks;
			sourceTree = "<group>";
		};
/* End PBXGroup section */

/* Begin PBXNativeTarget section */
		DC2D7E2A2882FB4400022A5C /* LearningApp */ = {
			isa = PBXNativeTarget;
			buildConfigurationList = DC2D7E392882FB4800022A5C /* Build configuration list for PBXNativeTarget "LearningApp" */;
			buildPhases = (
				DC2D7E272882FB4400022A5C /* Sources */,
				DC2D7E282882FB4400022A5C /* Frameworks */,
				DC2D7E292882FB4400022A5C /* Resources */,
			);
			buildRules = (
			);
			dependencies = (
			);
			name = LearningApp;
			productName = LearningApp;
			productReference = DC2D7E2B2882FB4400022A5C /* LearningApp.app */;
			productType = "com.apple.product-type.application";
		};
/* End PBXNativeTarget section */

/* Begin PBXProject section */
		DC2D7E232882FB4400022A5C /* Project object */ = {
			isa = PBXProject;
			attributes = {
				BuildIndependentTargetsInParallel = 1;
				LastSwiftUpdateCheck = 1340;
				LastUpgradeCheck = 1340;
				TargetAttributes = {
					DC2D7E2A2882FB4400022A5C = {
						CreatedOnToolsVersion = 13.4.1;
					};
				};
			};
			buildConfigurationList = DC2D7E262882FB4400022A5C /* Build configuration list for PBXProject "LearningApp" */;
			compatibilityVersion = "Xcode 13.0";
			developmentRegion = en;
			hasScannedForEncodings = 0;
			knownRegions = (
				en,
				Base,
			);
			mainGroup = DC2D7E222882FB4400022A5C;
			productRefGroup = DC2D7E2C2882FB4400022A5C /* Products */;
			projectDirPath = "";
			projectRoot = "";
			targets = (
				DC2D7E2A2882FB4400022A5C /* LearningApp */,
			);
		};
/* End PBXProject section */

/* Begin PBXResourcesBuildPhase section */
		DC2D7E292882FB4400022A5C /* Resources */ = {
			isa = PBXResourcesBuildPhase;
			buildActionMask = 2147483647;
			files = (
				DC2D7E362882FB4800022A5C /* Preview Assets.xcassets in Resources */,
				DC2D7E4528843B0B00022A5C /* data.json in Resources */,
				DC2D7E4628843B0B00022A5C /* style.html in Resources */,
				DC2D7E332882FB4800022A5C /* Assets.xcassets in Resources */,
			);
			runOnlyForDeploymentPostprocessing = 0;
		};
/* End PBXResourcesBuildPhase section */

/* Begin PBXSourcesBuildPhase section */
		DC2D7E272882FB4400022A5C /* Sources */ = {
			isa = PBXSourcesBuildPhase;
			buildActionMask = 2147483647;
			files = (
				DC2D7E4E28857EE000022A5C /* ContentDetailView.swift in Sources */,
				DC2D7E4A28845E2E00022A5C /* CardPreview.swift in Sources */,
				DC2D7E4C28847A5000022A5C /* ContentView.swift in Sources */,
				DC2D7E312882FB4400022A5C /* HomeView.swift in Sources */,
				DC2D7E4828843D5700022A5C /* Models.swift in Sources */,
				DC2D7E2F2882FB4400022A5C /* LearningApp.swift in Sources */,
				DC2D7E422882FC1B00022A5C /* ContentModel.swift in Sources */,
				DC2D7E532885941700022A5C /* Constants.swift in Sources */,
				DC2D7E5528859E8900022A5C /* ButtonView.swift in Sources */,
			);
			runOnlyForDeploymentPostprocessing = 0;
		};
/* End PBXSourcesBuildPhase section */

/* Begin XCBuildConfiguration section */
		DC2D7E372882FB4800022A5C /* Debug */ = {
			isa = XCBuildConfiguration;
			buildSettings = {
				ALWAYS_SEARCH_USER_PATHS = NO;
				CLANG_ANALYZER_NONNULL = YES;
				CLANG_ANALYZER_NUMBER_OBJECT_CONVERSION = YES_AGGRESSIVE;
				CLANG_CXX_LANGUAGE_STANDARD = "gnu++17";
				CLANG_ENABLE_MODULES = YES;
				CLANG_ENABLE_OBJC_ARC = YES;
				CLANG_ENABLE_OBJC_WEAK = YES;
				CLANG_WARN_BLOCK_CAPTURE_AUTORELEASING = YES;
				CLANG_WARN_BOOL_CONVERSION = YES;
				CLANG_WARN_COMMA = YES;
				CLANG_WARN_CONSTANT_CONVERSION = YES;
				CLANG_WARN_DEPRECATED_OBJC_IMPLEMENTATIONS = YES;
				CLANG_WARN_DIRECT_OBJC_ISA_USAGE = YES_ERROR;
				CLANG_WARN_DOCUMENTATION_COMMENTS = YES;
				CLANG_WARN_EMPTY_BODY = YES;
				CLANG_WARN_ENUM_CONVERSION = YES;
				CLANG_WARN_INFINITE_RECURSION = YES;
				CLANG_WARN_INT_CONVERSION = YES;
				CLANG_WARN_NON_LITERAL_NULL_CONVERSION = YES;
				CLANG_WARN_OBJC_IMPLICIT_RETAIN_SELF = YES;
				CLANG_WARN_OBJC_LITERAL_CONVERSION = YES;
				CLANG_WARN_OBJC_ROOT_CLASS = YES_ERROR;
				CLANG_WARN_QUOTED_INCLUDE_IN_FRAMEWORK_HEADER = YES;
				CLANG_WARN_RANGE_LOOP_ANALYSIS = YES;
				CLANG_WARN_STRICT_PROTOTYPES = YES;
				CLANG_WARN_SUSPICIOUS_MOVE = YES;
				CLANG_WARN_UNGUARDED_AVAILABILITY = YES_AGGRESSIVE;
				CLANG_WARN_UNREACHABLE_CODE = YES;
				CLANG_WARN__DUPLICATE_METHOD_MATCH = YES;
				COPY_PHASE_STRIP = NO;
				DEBUG_INFORMATION_FORMAT = dwarf;
				ENABLE_STRICT_OBJC_MSGSEND = YES;
				ENABLE_TESTABILITY = YES;
				GCC_C_LANGUAGE_STANDARD = gnu11;
				GCC_DYNAMIC_NO_PIC = NO;
				GCC_NO_COMMON_BLOCKS = YES;
				GCC_OPTIMIZATION_LEVEL = 0;
				GCC_PREPROCESSOR_DEFINITIONS = (
					"DEBUG=1",
					"$(inherited)",
				);
				GCC_WARN_64_TO_32_BIT_CONVERSION = YES;
				GCC_WARN_ABOUT_RETURN_TYPE = YES_ERROR;
				GCC_WARN_UNDECLARED_SELECTOR = YES;
				GCC_WARN_UNINITIALIZED_AUTOS = YES_AGGRESSIVE;
				GCC_WARN_UNUSED_FUNCTION = YES;
				GCC_WARN_UNUSED_VARIABLE = YES;
				IPHONEOS_DEPLOYMENT_TARGET = 15.5;
				MTL_ENABLE_DEBUG_INFO = INCLUDE_SOURCE;
				MTL_FAST_MATH = YES;
				ONLY_ACTIVE_ARCH = YES;
				SDKROOT = iphoneos;
				SWIFT_ACTIVE_COMPILATION_CONDITIONS = DEBUG;
				SWIFT_OPTIMIZATION_LEVEL = "-Onone";
			};
			name = Debug;
		};
		DC2D7E382882FB4800022A5C /* Release */ = {
			isa = XCBuildConfiguration;
			buildSettings = {
				ALWAYS_SEARCH_USER_PATHS = NO;
				CLANG_ANALYZER_NONNULL = YES;
				CLANG_ANALYZER_NUMBER_OBJECT_CONVERSION = YES_AGGRESSIVE;
				CLANG_CXX_LANGUAGE_STANDARD = "gnu++17";
				CLANG_ENABLE_MODULES = YES;
				CLANG_ENABLE_OBJC_ARC = YES;
				CLANG_ENABLE_OBJC_WEAK = YES;
				CLANG_WARN_BLOCK_CAPTURE_AUTORELEASING = YES;
				CLANG_WARN_BOOL_CONVERSION = YES;
				CLANG_WARN_COMMA = YES;
				CLANG_WARN_CONSTANT_CONVERSION = YES;
				CLANG_WARN_DEPRECATED_OBJC_IMPLEMENTATIONS = YES;
				CLANG_WARN_DIRECT_OBJC_ISA_USAGE = YES_ERROR;
				CLANG_WARN_DOCUMENTATION_COMMENTS = YES;
				CLANG_WARN_EMPTY_BODY = YES;
				CLANG_WARN_ENUM_CONVERSION = YES;
				CLANG_WARN_INFINITE_RECURSION = YES;
				CLANG_WARN_INT_CONVERSION = YES;
				CLANG_WARN_NON_LITERAL_NULL_CONVERSION = YES;
				CLANG_WARN_OBJC_IMPLICIT_RETAIN_SELF = YES;
				CLANG_WARN_OBJC_LITERAL_CONVERSION = YES;
				CLANG_WARN_OBJC_ROOT_CLASS = YES_ERROR;
				CLANG_WARN_QUOTED_INCLUDE_IN_FRAMEWORK_HEADER = YES;
				CLANG_WARN_RANGE_LOOP_ANALYSIS = YES;
				CLANG_WARN_STRICT_PROTOTYPES = YES;
				CLANG_WARN_SUSPICIOUS_MOVE = YES;
				CLANG_WARN_UNGUARDED_AVAILABILITY = YES_AGGRESSIVE;
				CLANG_WARN_UNREACHABLE_CODE = YES;
				CLANG_WARN__DUPLICATE_METHOD_MATCH = YES;
				COPY_PHASE_STRIP = NO;
				DEBUG_INFORMATION_FORMAT = "dwarf-with-dsym";
				ENABLE_NS_ASSERTIONS = NO;
				ENABLE_STRICT_OBJC_MSGSEND = YES;
				GCC_C_LANGUAGE_STANDARD = gnu11;
				GCC_NO_COMMON_BLOCKS = YES;
				GCC_WARN_64_TO_32_BIT_CONVERSION = YES;
				GCC_WARN_ABOUT_RETURN_TYPE = YES_ERROR;
				GCC_WARN_UNDECLARED_SELECTOR = YES;
				GCC_WARN_UNINITIALIZED_AUTOS = YES_AGGRESSIVE;
				GCC_WARN_UNUSED_FUNCTION = YES;
				GCC_WARN_UNUSED_VARIABLE = YES;
				IPHONEOS_DEPLOYMENT_TARGET = 15.5;
				MTL_ENABLE_DEBUG_INFO = NO;
				MTL_FAST_MATH = YES;
				SDKROOT = iphoneos;
				SWIFT_COMPILATION_MODE = wholemodule;
				SWIFT_OPTIMIZATION_LEVEL = "-O";
				VALIDATE_PRODUCT = YES;
			};
			name = Release;
		};
		DC2D7E3A2882FB4800022A5C /* Debug */ = {
			isa = XCBuildConfiguration;
			buildSettings = {
				ASSETCATALOG_COMPILER_APPICON_NAME = AppIcon;
				ASSETCATALOG_COMPILER_GLOBAL_ACCENT_COLOR_NAME = AccentColor;
				CODE_SIGN_STYLE = Automatic;
				CURRENT_PROJECT_VERSION = 1;
				DEVELOPMENT_ASSET_PATHS = "\"LearningApp/Preview Content\"";
				DEVELOPMENT_TEAM = A7S565JPFC;
				ENABLE_PREVIEWS = YES;
				GENERATE_INFOPLIST_FILE = YES;
				INFOPLIST_KEY_UIApplicationSceneManifest_Generation = YES;
				INFOPLIST_KEY_UIApplicationSupportsIndirectInputEvents = YES;
				INFOPLIST_KEY_UILaunchScreen_Generation = YES;
				INFOPLIST_KEY_UISupportedInterfaceOrientations_iPad = "UIInterfaceOrientationPortrait UIInterfaceOrientationPortraitUpsideDown UIInterfaceOrientationLandscapeLeft UIInterfaceOrientationLandscapeRight";
				INFOPLIST_KEY_UISupportedInterfaceOrientations_iPhone = "UIInterfaceOrientationPortrait UIInterfaceOrientationLandscapeLeft UIInterfaceOrientationLandscapeRight";
				LD_RUNPATH_SEARCH_PATHS = (
					"$(inherited)",
					"@executable_path/Frameworks",
				);
				MARKETING_VERSION = 1.0;
				PRODUCT_BUNDLE_IDENTIFIER = iggy.LearningApp;
				PRODUCT_NAME = "$(TARGET_NAME)";
				SWIFT_EMIT_LOC_STRINGS = YES;
				SWIFT_VERSION = 5.0;
				TARGETED_DEVICE_FAMILY = "1,2";
			};
			name = Debug;
		};
		DC2D7E3B2882FB4800022A5C /* Release */ = {
			isa = XCBuildConfiguration;
			buildSettings = {
				ASSETCATALOG_COMPILER_APPICON_NAME = AppIcon;
				ASSETCATALOG_COMPILER_GLOBAL_ACCENT_COLOR_NAME = AccentColor;
				CODE_SIGN_STYLE = Automatic;
				CURRENT_PROJECT_VERSION = 1;
				DEVELOPMENT_ASSET_PATHS = "\"LearningApp/Preview Content\"";
				DEVELOPMENT_TEAM = A7S565JPFC;
				ENABLE_PREVIEWS = YES;
				GENERATE_INFOPLIST_FILE = YES;
				INFOPLIST_KEY_UIApplicationSceneManifest_Generation = YES;
				INFOPLIST_KEY_UIApplicationSupportsIndirectInputEvents = YES;
				INFOPLIST_KEY_UILaunchScreen_Generation = YES;
				INFOPLIST_KEY_UISupportedInterfaceOrientations_iPad = "UIInterfaceOrientationPortrait UIInterfaceOrientationPortraitUpsideDown UIInterfaceOrientationLandscapeLeft UIInterfaceOrientationLandscapeRight";
				INFOPLIST_KEY_UISupportedInterfaceOrientations_iPhone = "UIInterfaceOrientationPortrait UIInterfaceOrientationLandscapeLeft UIInterfaceOrientationLandscapeRight";
				LD_RUNPATH_SEARCH_PATHS = (
					"$(inherited)",
					"@executable_path/Frameworks",
				);
				MARKETING_VERSION = 1.0;
				PRODUCT_BUNDLE_IDENTIFIER = iggy.LearningApp;
				PRODUCT_NAME = "$(TARGET_NAME)";
				SWIFT_EMIT_LOC_STRINGS = YES;
				SWIFT_VERSION = 5.0;
				TARGETED_DEVICE_FAMILY = "1,2";
			};
			name = Release;
		};
/* End XCBuildConfiguration section */

/* Begin XCConfigurationList section */
		DC2D7E262882FB4400022A5C /* Build configuration list for PBXProject "LearningApp" */ = {
			isa = XCConfigurationList;
			buildConfigurations = (
				DC2D7E372882FB4800022A5C /* Debug */,
				DC2D7E382882FB4800022A5C /* Release */,
			);
			defaultConfigurationIsVisible = 0;
			defaultConfigurationName = Release;
		};
		DC2D7E392882FB4800022A5C /* Build configuration list for PBXNativeTarget "LearningApp" */ = {
			isa = XCConfigurationList;
			buildConfigurations = (
				DC2D7E3A2882FB4800022A5C /* Debug */,
				DC2D7E3B2882FB4800022A5C /* Release */,
			);
			defaultConfigurationIsVisible = 0;
			defaultConfigurationName = Release;
		};
/* End XCConfigurationList section */
	};
	rootObject = DC2D7E232882FB4400022A5C /* Project object */;
}
